
Microsoft Visual Studio Solution File, Format Version 12.00
# Visual Studio Version 16
VisualStudioVersion = 16.0.29806.167
MinimumVisualStudioVersion = 10.0.40219.1
Project("{FAE04EC0-301F-11D3-BF4B-00C04F79EFBC}") = "Task5_EF", "Task5_EF\Task5_EF.csproj", "{46ECDC68-D19C-4F7C-B896-6DBD7282890A}"
EndProject
Project("{FAE04EC0-301F-11D3-BF4B-00C04F79EFBC}") = "EFWorkSample", "EFWorkSample\EFWorkSample.csproj", "{32C791FD-2FC8-4E54-A947-3FFF3041C8AA}"
EndProject
Global
	GlobalSection(SolutionConfigurationPlatforms) = preSolution
		Debug|Any CPU = Debug|Any CPU
		Release|Any CPU = Release|Any CPU
	EndGlobalSection
	GlobalSection(ProjectConfigurationPlatforms) = postSolution
		{46ECDC68-D19C-4F7C-B896-6DBD7282890A}.Debug|Any CPU.ActiveCfg = Debug|Any CPU
		{46ECDC68-D19C-4F7C-B896-6DBD7282890A}.Debug|Any CPU.Build.0 = Debug|Any CPU
		{46ECDC68-D19C-4F7C-B896-6DBD7282890A}.Release|Any CPU.ActiveCfg = Release|Any CPU
		{46ECDC68-D19C-4F7C-B896-6DBD7282890A}.Release|Any CPU.Build.0 = Release|Any CPU
		{32C791FD-2FC8-4E54-A947-3FFF3041C8AA}.Debug|Any CPU.ActiveCfg = Debug|Any CPU
		{32C791FD-2FC8-4E54-A947-3FFF3041C8AA}.Debug|Any CPU.Build.0 = Debug|Any CPU
		{32C791FD-2FC8-4E54-A947-3FFF3041C8AA}.Release|Any CPU.ActiveCfg = Release|Any CPU
		{32C791FD-2FC8-4E54-A947-3FFF3041C8AA}.Release|Any CPU.Build.0 = Release|Any CPU
	EndGlobalSection
	GlobalSection(SolutionProperties) = preSolution
		HideSolutionNode = FALSE
	EndGlobalSection
	GlobalSection(ExtensibilityGlobals) = postSolution
		SolutionGuid = {BF506A5B-3B91-4C48-AB77-18DF5A74F30B}
	EndGlobalSection
EndGlobal
